
Microsoft Visual Studio Solution File, Format Version 12.00
# Visual Studio 15
VisualStudioVersion = 15.0.26906.1
MinimumVisualStudioVersion = 10.0.40219.1
Project("{A07B5EB6-E848-4116-A8D0-A826331D98C6}") = "DimCorp.Cloud", "DimCorp.Cloud\DimCorp.Cloud.sfproj", "{60AA5808-B0E6-4926-B3A1-6DC4D40F0253}"
EndProject
Project("{FAE04EC0-301F-11D3-BF4B-00C04F79EFBC}") = "DimCorp.Cloud.ProductCatalog", "DimCorp.Cloud.ProductCatalog\DimCorp.Cloud.ProductCatalog.csproj", "{F14F0438-7068-42C1-9B56-127476F57960}"
EndProject
Project("{FAE04EC0-301F-11D3-BF4B-00C04F79EFBC}") = "DimCorp.Cloud.ProductCatalog.Model", "DimCorp.Cloud.ProductCatalog.Model\DimCorp.Cloud.ProductCatalog.Model.csproj", "{F97636A0-B346-47D6-8989-1CE14E2C523A}"
EndProject
Project("{FAE04EC0-301F-11D3-BF4B-00C04F79EFBC}") = "DimCorp.Cloud.Api", "DimCorp.Cloud.Api\DimCorp.Cloud.Api.csproj", "{B4AC03D4-DA14-4CFC-91CF-93935BE5869D}"
EndProject
Project("{FAE04EC0-301F-11D3-BF4B-00C04F79EFBC}") = "DimCorp.Cloud.UserActor", "DimCorp.Cloud.UserActor\DimCorp.Cloud.UserActor.csproj", "{FB9B7A3D-A0E6-4CE4-B553-0D3E65888BD8}"
EndProject
Project("{FAE04EC0-301F-11D3-BF4B-00C04F79EFBC}") = "DimCorp.Cloud.UserActor.Interfaces", "DimCorp.Cloud.UserActor.Interfaces\DimCorp.Cloud.UserActor.Interfaces.csproj", "{AF1EBCD5-99A5-416D-8170-0850068B6EB2}"
EndProject
Project("{FAE04EC0-301F-11D3-BF4B-00C04F79EFBC}") = "DimCorp.Cloud.Checkout", "DimCorp.Cloud.Checkout\DimCorp.Cloud.Checkout.csproj", "{3E042BBE-15A9-49B7-9C83-C308C66621B3}"
EndProject
Project("{FAE04EC0-301F-11D3-BF4B-00C04F79EFBC}") = "DimCorp.Cloud.Checkout.Model", "DimCorp.Cloud.Checkout.Model\DimCorp.Cloud.Checkout.Model.csproj", "{334E1CE8-6096-4B6D-8353-9E4ED36FC3DC}"
EndProject
Global
	GlobalSection(SolutionConfigurationPlatforms) = preSolution
		Debug|Any CPU = Debug|Any CPU
		Debug|x64 = Debug|x64
		Release|Any CPU = Release|Any CPU
		Release|x64 = Release|x64
	EndGlobalSection
	GlobalSection(ProjectConfigurationPlatforms) = postSolution
		{60AA5808-B0E6-4926-B3A1-6DC4D40F0253}.Debug|Any CPU.ActiveCfg = Debug|x64
		{60AA5808-B0E6-4926-B3A1-6DC4D40F0253}.Debug|x64.ActiveCfg = Debug|x64
		{60AA5808-B0E6-4926-B3A1-6DC4D40F0253}.Debug|x64.Build.0 = Debug|x64
		{60AA5808-B0E6-4926-B3A1-6DC4D40F0253}.Debug|x64.Deploy.0 = Debug|x64
		{60AA5808-B0E6-4926-B3A1-6DC4D40F0253}.Release|Any CPU.ActiveCfg = Release|x64
		{60AA5808-B0E6-4926-B3A1-6DC4D40F0253}.Release|x64.ActiveCfg = Release|x64
		{60AA5808-B0E6-4926-B3A1-6DC4D40F0253}.Release|x64.Build.0 = Release|x64
		{60AA5808-B0E6-4926-B3A1-6DC4D40F0253}.Release|x64.Deploy.0 = Release|x64
		{F14F0438-7068-42C1-9B56-127476F57960}.Debug|Any CPU.ActiveCfg = Debug|x64
		{F14F0438-7068-42C1-9B56-127476F57960}.Debug|x64.ActiveCfg = Debug|x64
		{F14F0438-7068-42C1-9B56-127476F57960}.Debug|x64.Build.0 = Debug|x64
		{F14F0438-7068-42C1-9B56-127476F57960}.Release|Any CPU.ActiveCfg = Release|x64
		{F14F0438-7068-42C1-9B56-127476F57960}.Release|x64.ActiveCfg = Release|x64
		{F14F0438-7068-42C1-9B56-127476F57960}.Release|x64.Build.0 = Release|x64
		{F97636A0-B346-47D6-8989-1CE14E2C523A}.Debug|Any CPU.ActiveCfg = Debug|Any CPU
		{F97636A0-B346-47D6-8989-1CE14E2C523A}.Debug|Any CPU.Build.0 = Debug|Any CPU
		{F97636A0-B346-47D6-8989-1CE14E2C523A}.Debug|x64.ActiveCfg = Debug|Any CPU
		{F97636A0-B346-47D6-8989-1CE14E2C523A}.Debug|x64.Build.0 = Debug|Any CPU
		{F97636A0-B346-47D6-8989-1CE14E2C523A}.Release|Any CPU.ActiveCfg = Release|Any CPU
		{F97636A0-B346-47D6-8989-1CE14E2C523A}.Release|Any CPU.Build.0 = Release|Any CPU
		{F97636A0-B346-47D6-8989-1CE14E2C523A}.Release|x64.ActiveCfg = Release|Any CPU
		{F97636A0-B346-47D6-8989-1CE14E2C523A}.Release|x64.Build.0 = Release|Any CPU
		{B4AC03D4-DA14-4CFC-91CF-93935BE5869D}.Debug|Any CPU.ActiveCfg = Debug|Any CPU
		{B4AC03D4-DA14-4CFC-91CF-93935BE5869D}.Debug|Any CPU.Build.0 = Debug|Any CPU
		{B4AC03D4-DA14-4CFC-91CF-93935BE5869D}.Debug|x64.ActiveCfg = Debug|Any CPU
		{B4AC03D4-DA14-4CFC-91CF-93935BE5869D}.Debug|x64.Build.0 = Debug|Any CPU
		{B4AC03D4-DA14-4CFC-91CF-93935BE5869D}.Release|Any CPU.ActiveCfg = Release|Any CPU
		{B4AC03D4-DA14-4CFC-91CF-93935BE5869D}.Release|Any CPU.Build.0 = Release|Any CPU
		{B4AC03D4-DA14-4CFC-91CF-93935BE5869D}.Release|x64.ActiveCfg = Release|Any CPU
		{B4AC03D4-DA14-4CFC-91CF-93935BE5869D}.Release|x64.Build.0 = Release|Any CPU
		{FB9B7A3D-A0E6-4CE4-B553-0D3E65888BD8}.Debug|Any CPU.ActiveCfg = Debug|x64
		{FB9B7A3D-A0E6-4CE4-B553-0D3E65888BD8}.Debug|x64.ActiveCfg = Debug|x64
		{FB9B7A3D-A0E6-4CE4-B553-0D3E65888BD8}.Debug|x64.Build.0 = Debug|x64
		{FB9B7A3D-A0E6-4CE4-B553-0D3E65888BD8}.Release|Any CPU.ActiveCfg = Release|x64
		{FB9B7A3D-A0E6-4CE4-B553-0D3E65888BD8}.Release|x64.ActiveCfg = Release|x64
		{FB9B7A3D-A0E6-4CE4-B553-0D3E65888BD8}.Release|x64.Build.0 = Release|x64
		{AF1EBCD5-99A5-416D-8170-0850068B6EB2}.Debug|Any CPU.ActiveCfg = Debug|x64
		{AF1EBCD5-99A5-416D-8170-0850068B6EB2}.Debug|x64.ActiveCfg = Debug|x64
		{AF1EBCD5-99A5-416D-8170-0850068B6EB2}.Debug|x64.Build.0 = Debug|x64
		{AF1EBCD5-99A5-416D-8170-0850068B6EB2}.Release|Any CPU.ActiveCfg = Release|x64
		{AF1EBCD5-99A5-416D-8170-0850068B6EB2}.Release|x64.ActiveCfg = Release|x64
		{AF1EBCD5-99A5-416D-8170-0850068B6EB2}.Release|x64.Build.0 = Release|x64
		{3E042BBE-15A9-49B7-9C83-C308C66621B3}.Debug|Any CPU.ActiveCfg = Debug|x64
		{3E042BBE-15A9-49B7-9C83-C308C66621B3}.Debug|x64.ActiveCfg = Debug|x64
		{3E042BBE-15A9-49B7-9C83-C308C66621B3}.Debug|x64.Build.0 = Debug|x64
		{3E042BBE-15A9-49B7-9C83-C308C66621B3}.Release|Any CPU.ActiveCfg = Release|x64
		{3E042BBE-15A9-49B7-9C83-C308C66621B3}.Release|x64.ActiveCfg = Release|x64
		{3E042BBE-15A9-49B7-9C83-C308C66621B3}.Release|x64.Build.0 = Release|x64
		{334E1CE8-6096-4B6D-8353-9E4ED36FC3DC}.Debug|Any CPU.ActiveCfg = Debug|Any CPU
		{334E1CE8-6096-4B6D-8353-9E4ED36FC3DC}.Debug|Any CPU.Build.0 = Debug|Any CPU
		{334E1CE8-6096-4B6D-8353-9E4ED36FC3DC}.Debug|x64.ActiveCfg = Debug|Any CPU
		{334E1CE8-6096-4B6D-8353-9E4ED36FC3DC}.Debug|x64.Build.0 = Debug|Any CPU
		{334E1CE8-6096-4B6D-8353-9E4ED36FC3DC}.Release|Any CPU.ActiveCfg = Release|Any CPU
		{334E1CE8-6096-4B6D-8353-9E4ED36FC3DC}.Release|Any CPU.Build.0 = Release|Any CPU
		{334E1CE8-6096-4B6D-8353-9E4ED36FC3DC}.Release|x64.ActiveCfg = Release|Any CPU
		{334E1CE8-6096-4B6D-8353-9E4ED36FC3DC}.Release|x64.Build.0 = Release|Any CPU
	EndGlobalSection
	GlobalSection(SolutionProperties) = preSolution
		HideSolutionNode = FALSE
	EndGlobalSection
	GlobalSection(ExtensibilityGlobals) = postSolution
		SolutionGuid = {CD2045CC-4CE9-40A4-BEF3-A82054002A6E}
	EndGlobalSection
EndGlobal
